github.com/gammazero/deque v0.0.0-20200721202602-07291166fe33 h1:UG4wNrJX9xSKnm/Gck5yTbxnOhpNleuE4MQRdmcGySo=
github.com/gammazero/deque v0.0.0-20200721202602-07291166fe33/go.mod h1:D90+MBHVc9Sk1lJAbEVgws0eYEurY4mv2TDso3Nxh3w=
github.com/gammazero/deque v0.0.0-20201010052221-3932da5530cc h1:F7BbnLACph7UYiz9ZHi6npcROwKaZUyviDjsNERsoMM=
github.com/gammazero/deque v0.0.0-20201010052221-3932da5530cc/go.mod h1:IlBLfYXnuw9sspy1XS6ctu5exGb6WHGKQsyo4s7bOEA=
github.com/gammazero/workerpool v1.1.1 h1:MN29GcZtZZAgzTU+Zk54Y+J9XkE54MoXON/NCZvNulo=
github.com/gammazero/workerpool v1.1.1/go.mod h1:5BN0IJVRjSFAypo9QTJCaWdijjNz9Jjl6VFS1PRjCeg=
